
Microsoft Visual Studio Solution File, Format Version 12.00
# Visual Studio 2012
VisualStudioVersion = 14.0.23107.0
MinimumVisualStudioVersion = 10.0.40219.1
Project("{FAE04EC0-301F-11D3-BF4B-00C04F79EFBC}") = "Xamarin.Android.Arch.Work.Runtime", "Xamarin.Android.Arch.Work.Runtime\Xamarin.Android.Arch.Work.Runtime.csproj", "{38802914-A3FD-4E8B-940E-D723605171E5}"
EndProject
Project("{FAE04EC0-301F-11D3-BF4B-00C04F79EFBC}") = "Xamarin.Android.Arch.Work.RxJava2", "Xamarin.Android.Arch.Work.RxJava2\Xamarin.Android.Arch.Work.RxJava2.csproj", "{A6A54431-D81A-4E3D-9450-6BA7935C19A0}"
EndProject
Project("{FAE04EC0-301F-11D3-BF4B-00C04F79EFBC}") = "Xamarin.Android.Arch.Work.RuntimeKtx", "Xamarin.Android.Arch.Work.RuntimeKtx\Xamarin.Android.Arch.Work.RuntimeKtx.csproj", "{B4F67AEA-0B23-412F-9B82-92C1B35FC12B}"
EndProject
Project("{FAE04EC0-301F-11D3-BF4B-00C04F79EFBC}") = "Xamarin.Android.Arch.Work.Firebase", "Xamarin.Android.Arch.Work.Firebase\Xamarin.Android.Arch.Work.Firebase.csproj", "{99E273B4-0092-4FB0-97B9-26499517392C}"
EndProject
Global
	GlobalSection(SolutionConfigurationPlatforms) = preSolution
		Debug|Any CPU = Debug|Any CPU
		Release|Any CPU = Release|Any CPU
	EndGlobalSection
	GlobalSection(ProjectConfigurationPlatforms) = postSolution
		{38802914-A3FD-4E8B-940E-D723605171E5}.Debug|Any CPU.ActiveCfg = Debug|Any CPU
		{38802914-A3FD-4E8B-940E-D723605171E5}.Debug|Any CPU.Build.0 = Debug|Any CPU
		{38802914-A3FD-4E8B-940E-D723605171E5}.Release|Any CPU.ActiveCfg = Release|Any CPU
		{38802914-A3FD-4E8B-940E-D723605171E5}.Release|Any CPU.Build.0 = Release|Any CPU
		{A6A54431-D81A-4E3D-9450-6BA7935C19A0}.Debug|Any CPU.ActiveCfg = Debug|Any CPU
		{A6A54431-D81A-4E3D-9450-6BA7935C19A0}.Debug|Any CPU.Build.0 = Debug|Any CPU
		{A6A54431-D81A-4E3D-9450-6BA7935C19A0}.Release|Any CPU.ActiveCfg = Release|Any CPU
		{A6A54431-D81A-4E3D-9450-6BA7935C19A0}.Release|Any CPU.Build.0 = Release|Any CPU
		{B4F67AEA-0B23-412F-9B82-92C1B35FC12B}.Debug|Any CPU.ActiveCfg = Debug|Any CPU
		{B4F67AEA-0B23-412F-9B82-92C1B35FC12B}.Debug|Any CPU.Build.0 = Debug|Any CPU
		{B4F67AEA-0B23-412F-9B82-92C1B35FC12B}.Release|Any CPU.ActiveCfg = Release|Any CPU
		{B4F67AEA-0B23-412F-9B82-92C1B35FC12B}.Release|Any CPU.Build.0 = Release|Any CPU
		{99E273B4-0092-4FB0-97B9-26499517392C}.Debug|Any CPU.ActiveCfg = Debug|Any CPU
		{99E273B4-0092-4FB0-97B9-26499517392C}.Debug|Any CPU.Build.0 = Debug|Any CPU
		{99E273B4-0092-4FB0-97B9-26499517392C}.Release|Any CPU.ActiveCfg = Release|Any CPU
		{99E273B4-0092-4FB0-97B9-26499517392C}.Release|Any CPU.Build.0 = Release|Any CPU
	EndGlobalSection
EndGlobal
